/scratch/dana/bam/1285_covaris2_DNA_10ng_1_S1_L008.umi.bam
/scratch/dana/bam/1285_covaris2_DNA_10ng_2_S2_L008.umi.bam
/scratch/dana/bam/1285_covaris2_DNA_50ng_S3_L008.umi.bam
/scratch/dana/bam/1285_covaris2_DNA_200ng_S4_L008.umi.bam
/scratch/dana/bam/1285_covaris2_DNA_10ng_1_S1_L008.sort.bam
/scratch/dana/fastq/1285_covaris2_DNA_10ng_1_S1_L008_R2_001.fastq.gz
/scratch/dana/bam/1285_covaris2_DNA_200ng_S4_L008.sort.bam
/scratch/dana/fastq/1285_covaris2_DNA_200ng_S4_L008_R2_001.fastq.gz
/scratch/dana/bam/1285_covaris2_DNA_10ng_2_S2_L008.sort.bam
/scratch/dana/fastq/1285_covaris2_DNA_10ng_2_S2_L008_R2_001.fastq.gz
/scratch/dana/bam/1285_covaris2_DNA_50ng_S3_L008.sort.bam
/scratch/dana/fastq/1285_covaris2_DNA_50ng_S3_L008_R2_001.fastq.gz
/scratch/dana/bam/1285_covaris2_DNA_10ng_1_S1_L008.bam
/scratch/dana/bam/1285_covaris2_DNA_200ng_S4_L008.bam
/scratch/dana/bam/1285_covaris2_DNA_10ng_2_S2_L008.bam
/scratch/dana/bam/1285_covaris2_DNA_50ng_S3_L008.bam
/scratch/dana/trimmed/1285_covaris2_DNA_10ng_1_S1_L008_R1_001.fastq.gz
/scratch/dana/trimmed/1285_covaris2_DNA_10ng_1_S1_L008_R3_001.fastq.gz
/scratch/dana/trimmed/1285_covaris2_DNA_200ng_S4_L008_R1_001.fastq.gz
/scratch/dana/trimmed/1285_covaris2_DNA_200ng_S4_L008_R3_001.fastq.gz
/scratch/dana/trimmed/1285_covaris2_DNA_10ng_2_S2_L008_R1_001.fastq.gz
/scratch/dana/trimmed/1285_covaris2_DNA_10ng_2_S2_L008_R3_001.fastq.gz
/scratch/dana/trimmed/1285_covaris2_DNA_50ng_S3_L008_R1_001.fastq.gz
/scratch/dana/trimmed/1285_covaris2_DNA_50ng_S3_L008_R3_001.fastq.gz
/scratch/dana/fastq/1285_covaris2_DNA_10ng_1_S1_L008_R1_001.fastq.gz
/scratch/dana/fastq/1285_covaris2_DNA_10ng_1_S1_L008_R3_001.fastq.gz
/scratch/dana/fastq/1285_covaris2_DNA_200ng_S4_L008_R1_001.fastq.gz
/scratch/dana/fastq/1285_covaris2_DNA_200ng_S4_L008_R3_001.fastq.gz
/scratch/dana/fastq/1285_covaris2_DNA_10ng_2_S2_L008_R1_001.fastq.gz
/scratch/dana/fastq/1285_covaris2_DNA_10ng_2_S2_L008_R3_001.fastq.gz
/scratch/dana/fastq/1285_covaris2_DNA_50ng_S3_L008_R1_001.fastq.gz
/scratch/dana/fastq/1285_covaris2_DNA_50ng_S3_L008_R3_001.fastq.gz
